
Microsoft Visual Studio Solution File, Format Version 12.00
# Visual Studio Version 17
VisualStudioVersion = 17.9.34728.123
MinimumVisualStudioVersion = 10.0.40219.1
Project("{FAE04EC0-301F-11D3-BF4B-00C04F79EFBC}") = "FirstApp.winforms", "FirstApp.winforms\FirstApp.winforms.csproj", "{8CBA2ABF-972C-4B90-9F9C-EF1BA580D16B}"
EndProject
Project("{FAE04EC0-301F-11D3-BF4B-00C04F79EFBC}") = "FirstApp.Data", "FirstApp.Data\FirstApp.Data.csproj", "{80603F01-4400-4676-A909-37F164269AA6}"
EndProject
Project("{FAE04EC0-301F-11D3-BF4B-00C04F79EFBC}") = "FirstApp.Services", "FirstApp.Services\FirstApp.Services.csproj", "{3FD85411-E4D8-49D8-8C62-5F4662633118}"
EndProject
Global
	GlobalSection(SolutionConfigurationPlatforms) = preSolution
		Debug|Any CPU = Debug|Any CPU
		Release|Any CPU = Release|Any CPU
	EndGlobalSection
	GlobalSection(ProjectConfigurationPlatforms) = postSolution
		{8CBA2ABF-972C-4B90-9F9C-EF1BA580D16B}.Debug|Any CPU.ActiveCfg = Debug|Any CPU
		{8CBA2ABF-972C-4B90-9F9C-EF1BA580D16B}.Debug|Any CPU.Build.0 = Debug|Any CPU
		{8CBA2ABF-972C-4B90-9F9C-EF1BA580D16B}.Release|Any CPU.ActiveCfg = Release|Any CPU
		{8CBA2ABF-972C-4B90-9F9C-EF1BA580D16B}.Release|Any CPU.Build.0 = Release|Any CPU
		{80603F01-4400-4676-A909-37F164269AA6}.Debug|Any CPU.ActiveCfg = Debug|Any CPU
		{80603F01-4400-4676-A909-37F164269AA6}.Debug|Any CPU.Build.0 = Debug|Any CPU
		{80603F01-4400-4676-A909-37F164269AA6}.Release|Any CPU.ActiveCfg = Release|Any CPU
		{80603F01-4400-4676-A909-37F164269AA6}.Release|Any CPU.Build.0 = Release|Any CPU
		{3FD85411-E4D8-49D8-8C62-5F4662633118}.Debug|Any CPU.ActiveCfg = Debug|Any CPU
		{3FD85411-E4D8-49D8-8C62-5F4662633118}.Debug|Any CPU.Build.0 = Debug|Any CPU
		{3FD85411-E4D8-49D8-8C62-5F4662633118}.Release|Any CPU.ActiveCfg = Release|Any CPU
		{3FD85411-E4D8-49D8-8C62-5F4662633118}.Release|Any CPU.Build.0 = Release|Any CPU
	EndGlobalSection
	GlobalSection(SolutionProperties) = preSolution
		HideSolutionNode = FALSE
	EndGlobalSection
	GlobalSection(ExtensibilityGlobals) = postSolution
		SolutionGuid = {7EBD5F24-FA98-4DE3-8837-721AD06C7CDA}
	EndGlobalSection
EndGlobal
